
Microsoft Visual Studio Solution File, Format Version 12.00
# Visual Studio Version 17
VisualStudioVersion = 17.7.34221.43
MinimumVisualStudioVersion = 10.0.40219.1
Project("{FAE04EC0-301F-11D3-BF4B-00C04F79EFBC}") = "Student Housing BV", "Student Housing BV\Student Housing BV.csproj", "{767744D6-67EA-4143-A9DE-2BAEF3213BD4}"
EndProject
Global
	GlobalSection(SolutionConfigurationPlatforms) = preSolution
		Debug|Any CPU = Debug|Any CPU
		Release|Any CPU = Release|Any CPU
	EndGlobalSection
	GlobalSection(ProjectConfigurationPlatforms) = postSolution
		{767744D6-67EA-4143-A9DE-2BAEF3213BD4}.Debug|Any CPU.ActiveCfg = Debug|Any CPU
		{767744D6-67EA-4143-A9DE-2BAEF3213BD4}.Debug|Any CPU.Build.0 = Debug|Any CPU
		{767744D6-67EA-4143-A9DE-2BAEF3213BD4}.Release|Any CPU.ActiveCfg = Release|Any CPU
		{767744D6-67EA-4143-A9DE-2BAEF3213BD4}.Release|Any CPU.Build.0 = Release|Any CPU
	EndGlobalSection
	GlobalSection(SolutionProperties) = preSolution
		HideSolutionNode = FALSE
	EndGlobalSection
	GlobalSection(ExtensibilityGlobals) = postSolution
		SolutionGuid = {04248107-13DC-47B2-99C5-3E797F56E8A9}
	EndGlobalSection
EndGlobal
